
Microsoft Visual Studio Solution File, Format Version 12.00
Project("{FAE04EC0-301F-11D3-BF4B-00C04F79EFBC}") = "Paradigma.Internet", "Paradigma.Internet\Paradigma.Internet.csproj", "{FE825D27-0F04-4C68-8E58-991B2C66539B}"
EndProject
Project("{FAE04EC0-301F-11D3-BF4B-00C04F79EFBC}") = "Paradigma.Intranet", "Paradigma.Intranet\Paradigma.Intranet.csproj", "{B6D3EE1E-F188-4734-90CC-FCC8CD088A92}"
EndProject
Project("{FAE04EC0-301F-11D3-BF4B-00C04F79EFBC}") = "Paradigma.Core", "Paradigma.Core\Paradigma.Core.csproj", "{E1534407-8634-40D2-952A-CD7504F818E5}"
EndProject
Project("{FAE04EC0-301F-11D3-BF4B-00C04F79EFBC}") = "Paradigma.Integracao", "Paradigma.Integracao\Paradigma.Integracao.csproj", "{47C75432-9015-4529-A7F9-651C64E22419}"
EndProject
Project("{2150E333-8FDC-42A3-9474-1A3956D46DE8}") = "Api", "Api", "{065A21A0-972B-4F00-8974-499C07414C81}"
EndProject
Project("{FAE04EC0-301F-11D3-BF4B-00C04F79EFBC}") = "Api.Triagem", "Api.Triagem\Api.Triagem.csproj", "{3F602FCE-3B0F-4FB6-B0B9-E118D0F4851A}"
EndProject
Project("{FAE04EC0-301F-11D3-BF4B-00C04F79EFBC}") = "Api.Participante", "Api.Participante\Api.Participante.csproj", "{0CDD4EF2-75A3-4C70-8AC9-1DB6F1610918}"
EndProject
Project("{FAE04EC0-301F-11D3-BF4B-00C04F79EFBC}") = "Api.Colaborador", "Api.Colaborador\Api.Colaborador.csproj", "{7ABA0EB6-AD18-4E83-B890-9C9319CD94B5}"
EndProject
Project("{2150E333-8FDC-42A3-9474-1A3956D46DE8}") = "Paradigma", "Paradigma", "{8E1AE206-933C-4711-9CDD-ED43D6E43C6D}"
EndProject
Global
	GlobalSection(SolutionConfigurationPlatforms) = preSolution
		Debug|Any CPU = Debug|Any CPU
		Release|Any CPU = Release|Any CPU
	EndGlobalSection
	GlobalSection(ProjectConfigurationPlatforms) = postSolution
		{FE825D27-0F04-4C68-8E58-991B2C66539B}.Debug|Any CPU.ActiveCfg = Debug|Any CPU
		{FE825D27-0F04-4C68-8E58-991B2C66539B}.Debug|Any CPU.Build.0 = Debug|Any CPU
		{FE825D27-0F04-4C68-8E58-991B2C66539B}.Release|Any CPU.ActiveCfg = Release|Any CPU
		{FE825D27-0F04-4C68-8E58-991B2C66539B}.Release|Any CPU.Build.0 = Release|Any CPU
		{B6D3EE1E-F188-4734-90CC-FCC8CD088A92}.Debug|Any CPU.ActiveCfg = Debug|Any CPU
		{B6D3EE1E-F188-4734-90CC-FCC8CD088A92}.Debug|Any CPU.Build.0 = Debug|Any CPU
		{B6D3EE1E-F188-4734-90CC-FCC8CD088A92}.Release|Any CPU.ActiveCfg = Release|Any CPU
		{B6D3EE1E-F188-4734-90CC-FCC8CD088A92}.Release|Any CPU.Build.0 = Release|Any CPU
		{E1534407-8634-40D2-952A-CD7504F818E5}.Debug|Any CPU.ActiveCfg = Debug|Any CPU
		{E1534407-8634-40D2-952A-CD7504F818E5}.Debug|Any CPU.Build.0 = Debug|Any CPU
		{E1534407-8634-40D2-952A-CD7504F818E5}.Release|Any CPU.ActiveCfg = Release|Any CPU
		{E1534407-8634-40D2-952A-CD7504F818E5}.Release|Any CPU.Build.0 = Release|Any CPU
		{47C75432-9015-4529-A7F9-651C64E22419}.Debug|Any CPU.ActiveCfg = Debug|Any CPU
		{47C75432-9015-4529-A7F9-651C64E22419}.Debug|Any CPU.Build.0 = Debug|Any CPU
		{47C75432-9015-4529-A7F9-651C64E22419}.Release|Any CPU.ActiveCfg = Release|Any CPU
		{47C75432-9015-4529-A7F9-651C64E22419}.Release|Any CPU.Build.0 = Release|Any CPU
		{3F602FCE-3B0F-4FB6-B0B9-E118D0F4851A}.Debug|Any CPU.ActiveCfg = Debug|Any CPU
		{3F602FCE-3B0F-4FB6-B0B9-E118D0F4851A}.Debug|Any CPU.Build.0 = Debug|Any CPU
		{3F602FCE-3B0F-4FB6-B0B9-E118D0F4851A}.Release|Any CPU.ActiveCfg = Release|Any CPU
		{3F602FCE-3B0F-4FB6-B0B9-E118D0F4851A}.Release|Any CPU.Build.0 = Release|Any CPU
		{0CDD4EF2-75A3-4C70-8AC9-1DB6F1610918}.Debug|Any CPU.ActiveCfg = Debug|Any CPU
		{0CDD4EF2-75A3-4C70-8AC9-1DB6F1610918}.Debug|Any CPU.Build.0 = Debug|Any CPU
		{0CDD4EF2-75A3-4C70-8AC9-1DB6F1610918}.Release|Any CPU.ActiveCfg = Release|Any CPU
		{0CDD4EF2-75A3-4C70-8AC9-1DB6F1610918}.Release|Any CPU.Build.0 = Release|Any CPU
		{7ABA0EB6-AD18-4E83-B890-9C9319CD94B5}.Debug|Any CPU.ActiveCfg = Debug|Any CPU
		{7ABA0EB6-AD18-4E83-B890-9C9319CD94B5}.Debug|Any CPU.Build.0 = Debug|Any CPU
		{7ABA0EB6-AD18-4E83-B890-9C9319CD94B5}.Release|Any CPU.ActiveCfg = Release|Any CPU
		{7ABA0EB6-AD18-4E83-B890-9C9319CD94B5}.Release|Any CPU.Build.0 = Release|Any CPU
	EndGlobalSection
	GlobalSection(NestedProjects) = preSolution
		{3F602FCE-3B0F-4FB6-B0B9-E118D0F4851A} = {065A21A0-972B-4F00-8974-499C07414C81}
		{0CDD4EF2-75A3-4C70-8AC9-1DB6F1610918} = {065A21A0-972B-4F00-8974-499C07414C81}
		{7ABA0EB6-AD18-4E83-B890-9C9319CD94B5} = {065A21A0-972B-4F00-8974-499C07414C81}
		{E1534407-8634-40D2-952A-CD7504F818E5} = {8E1AE206-933C-4711-9CDD-ED43D6E43C6D}
		{47C75432-9015-4529-A7F9-651C64E22419} = {8E1AE206-933C-4711-9CDD-ED43D6E43C6D}
		{FE825D27-0F04-4C68-8E58-991B2C66539B} = {8E1AE206-933C-4711-9CDD-ED43D6E43C6D}
		{B6D3EE1E-F188-4734-90CC-FCC8CD088A92} = {8E1AE206-933C-4711-9CDD-ED43D6E43C6D}
	EndGlobalSection
EndGlobal
